
Microsoft Visual Studio Solution File, Format Version 12.00
# Visual Studio 14
VisualStudioVersion = 14.0.24720.0
MinimumVisualStudioVersion = 10.0.40219.1
Project("{8BC9CEB8-8B4A-11D0-8D11-00A0C91BC942}") = "intelligent_camera", "intelligent_camera\intelligent_camera.vcxproj", "{1334C67E-E1AF-4BA8-9DD7-849F07023556}"
EndProject
Project("{8BC9CEB8-8B4A-11D0-8D11-00A0C91BC942}") = "imgui_lib", "imgui_lib\imgui_lib.vcxproj", "{D26FFBE9-862E-474F-ABA6-CF93D343736E}"
EndProject
Project("{8BC9CEB8-8B4A-11D0-8D11-00A0C91BC942}") = "engine_base", "engine_base\engine_base.vcxproj", "{F91B8B26-212F-4E3C-88BE-4216B0A5E88E}"
EndProject
Project("{8BC9CEB8-8B4A-11D0-8D11-00A0C91BC942}") = "level_builder", "level_builder\level_builder.vcxproj", "{F9B70B4A-7179-4C59-9632-7524FE458517}"
EndProject
Project("{8BC9CEB8-8B4A-11D0-8D11-00A0C91BC942}") = "tinyfiledialogs", "tinyfiledialogs\tinyfiledialogs.vcxproj", "{43ABD584-A852-4AAF-838F-029898EF818C}"
EndProject
Global
	GlobalSection(SolutionConfigurationPlatforms) = preSolution
		Debug|x64 = Debug|x64
		Debug|x86 = Debug|x86
		Release|x64 = Release|x64
		Release|x86 = Release|x86
	EndGlobalSection
	GlobalSection(ProjectConfigurationPlatforms) = postSolution
		{1334C67E-E1AF-4BA8-9DD7-849F07023556}.Debug|x64.ActiveCfg = Debug|x64
		{1334C67E-E1AF-4BA8-9DD7-849F07023556}.Debug|x64.Build.0 = Debug|x64
		{1334C67E-E1AF-4BA8-9DD7-849F07023556}.Debug|x86.ActiveCfg = Debug|Win32
		{1334C67E-E1AF-4BA8-9DD7-849F07023556}.Debug|x86.Build.0 = Debug|Win32
		{1334C67E-E1AF-4BA8-9DD7-849F07023556}.Release|x64.ActiveCfg = Release|x64
		{1334C67E-E1AF-4BA8-9DD7-849F07023556}.Release|x64.Build.0 = Release|x64
		{1334C67E-E1AF-4BA8-9DD7-849F07023556}.Release|x86.ActiveCfg = Release|Win32
		{1334C67E-E1AF-4BA8-9DD7-849F07023556}.Release|x86.Build.0 = Release|Win32
		{D26FFBE9-862E-474F-ABA6-CF93D343736E}.Debug|x64.ActiveCfg = Debug|x64
		{D26FFBE9-862E-474F-ABA6-CF93D343736E}.Debug|x64.Build.0 = Debug|x64
		{D26FFBE9-862E-474F-ABA6-CF93D343736E}.Debug|x86.ActiveCfg = Debug|Win32
		{D26FFBE9-862E-474F-ABA6-CF93D343736E}.Debug|x86.Build.0 = Debug|Win32
		{D26FFBE9-862E-474F-ABA6-CF93D343736E}.Release|x64.ActiveCfg = Release|x64
		{D26FFBE9-862E-474F-ABA6-CF93D343736E}.Release|x64.Build.0 = Release|x64
		{D26FFBE9-862E-474F-ABA6-CF93D343736E}.Release|x86.ActiveCfg = Release|Win32
		{D26FFBE9-862E-474F-ABA6-CF93D343736E}.Release|x86.Build.0 = Release|Win32
		{F91B8B26-212F-4E3C-88BE-4216B0A5E88E}.Debug|x64.ActiveCfg = Debug|x64
		{F91B8B26-212F-4E3C-88BE-4216B0A5E88E}.Debug|x64.Build.0 = Debug|x64
		{F91B8B26-212F-4E3C-88BE-4216B0A5E88E}.Debug|x86.ActiveCfg = Debug|Win32
		{F91B8B26-212F-4E3C-88BE-4216B0A5E88E}.Debug|x86.Build.0 = Debug|Win32
		{F91B8B26-212F-4E3C-88BE-4216B0A5E88E}.Release|x64.ActiveCfg = Release|x64
		{F91B8B26-212F-4E3C-88BE-4216B0A5E88E}.Release|x64.Build.0 = Release|x64
		{F91B8B26-212F-4E3C-88BE-4216B0A5E88E}.Release|x86.ActiveCfg = Release|Win32
		{F91B8B26-212F-4E3C-88BE-4216B0A5E88E}.Release|x86.Build.0 = Release|Win32
		{F9B70B4A-7179-4C59-9632-7524FE458517}.Debug|x64.ActiveCfg = Debug|x64
		{F9B70B4A-7179-4C59-9632-7524FE458517}.Debug|x64.Build.0 = Debug|x64
		{F9B70B4A-7179-4C59-9632-7524FE458517}.Debug|x86.ActiveCfg = Debug|Win32
		{F9B70B4A-7179-4C59-9632-7524FE458517}.Debug|x86.Build.0 = Debug|Win32
		{F9B70B4A-7179-4C59-9632-7524FE458517}.Release|x64.ActiveCfg = Release|x64
		{F9B70B4A-7179-4C59-9632-7524FE458517}.Release|x64.Build.0 = Release|x64
		{F9B70B4A-7179-4C59-9632-7524FE458517}.Release|x86.ActiveCfg = Release|Win32
		{F9B70B4A-7179-4C59-9632-7524FE458517}.Release|x86.Build.0 = Release|Win32
		{43ABD584-A852-4AAF-838F-029898EF818C}.Debug|x64.ActiveCfg = Debug|x64
		{43ABD584-A852-4AAF-838F-029898EF818C}.Debug|x64.Build.0 = Debug|x64
		{43ABD584-A852-4AAF-838F-029898EF818C}.Debug|x86.ActiveCfg = Debug|Win32
		{43ABD584-A852-4AAF-838F-029898EF818C}.Debug|x86.Build.0 = Debug|Win32
		{43ABD584-A852-4AAF-838F-029898EF818C}.Release|x64.ActiveCfg = Release|x64
		{43ABD584-A852-4AAF-838F-029898EF818C}.Release|x64.Build.0 = Release|x64
		{43ABD584-A852-4AAF-838F-029898EF818C}.Release|x86.ActiveCfg = Release|Win32
		{43ABD584-A852-4AAF-838F-029898EF818C}.Release|x86.Build.0 = Release|Win32
	EndGlobalSection
	GlobalSection(SolutionProperties) = preSolution
		HideSolutionNode = FALSE
	EndGlobalSection
EndGlobal
